
Microsoft Visual Studio Solution File, Format Version 12.00
# Visual Studio Version 17
VisualStudioVersion = 17.8.34330.188
MinimumVisualStudioVersion = 10.0.40219.1
Project("{FAE04EC0-301F-11D3-BF4B-00C04F79EFBC}") = "FabioMuniz.SignalRChat.Blazor", "FabioMuniz.SignalRChat.Blazor\FabioMuniz.SignalRChat.Blazor.csproj", "{3B841DE9-52FE-40B5-8E8E-B973ECC80203}"
EndProject
Global
	GlobalSection(SolutionConfigurationPlatforms) = preSolution
		Debug|Any CPU = Debug|Any CPU
		Release|Any CPU = Release|Any CPU
	EndGlobalSection
	GlobalSection(ProjectConfigurationPlatforms) = postSolution
		{3B841DE9-52FE-40B5-8E8E-B973ECC80203}.Debug|Any CPU.ActiveCfg = Debug|Any CPU
		{3B841DE9-52FE-40B5-8E8E-B973ECC80203}.Debug|Any CPU.Build.0 = Debug|Any CPU
		{3B841DE9-52FE-40B5-8E8E-B973ECC80203}.Release|Any CPU.ActiveCfg = Release|Any CPU
		{3B841DE9-52FE-40B5-8E8E-B973ECC80203}.Release|Any CPU.Build.0 = Release|Any CPU
	EndGlobalSection
	GlobalSection(SolutionProperties) = preSolution
		HideSolutionNode = FALSE
	EndGlobalSection
	GlobalSection(ExtensibilityGlobals) = postSolution
		SolutionGuid = {491A0936-5DAF-4FC7-9699-171F21C78D1E}
	EndGlobalSection
EndGlobal
